// !$*UTF8*$!
{
	archiveVersion = 1;
	classes = {
	};
	objectVersion = 51;
	objects = {

/* Begin PBXBuildFile section */
		A547175B288F1509003A562F /* RxExtension.swift in Sources */ = {isa = PBXBuildFile; fileRef = A547175A288F1509003A562F /* RxExtension.swift */; };
		A547175E288F1913003A562F /* RestorauntsModel.swift in Sources */ = {isa = PBXBuildFile; fileRef = A547175D288F1913003A562F /* RestorauntsModel.swift */; };
		A5471761288F199F003A562F /* Constants.swift in Sources */ = {isa = PBXBuildFile; fileRef = A5471760288F199F003A562F /* Constants.swift */; };
		A5765A5D2859F72100CC8825 /* CardView.swift in Sources */ = {isa = PBXBuildFile; fileRef = A5765A5C2859F72100CC8825 /* CardView.swift */; };
		A5B2D8822801855200681C2A /* AppDelegate.swift in Sources */ = {isa = PBXBuildFile; fileRef = A5B2D8812801855200681C2A /* AppDelegate.swift */; };
		A5B2D8842801855200681C2A /* SceneDelegate.swift in Sources */ = {isa = PBXBuildFile; fileRef = A5B2D8832801855200681C2A /* SceneDelegate.swift */; };
		A5B2D8862801855200681C2A /* MainViewController.swift in Sources */ = {isa = PBXBuildFile; fileRef = A5B2D8852801855200681C2A /* MainViewController.swift */; };
		A5B2D8892801855200681C2A /* Main.storyboard in Resources */ = {isa = PBXBuildFile; fileRef = A5B2D8872801855200681C2A /* Main.storyboard */; };
		A5B2D88B2801855300681C2A /* Assets.xcassets in Resources */ = {isa = PBXBuildFile; fileRef = A5B2D88A2801855300681C2A /* Assets.xcassets */; };
		A5B2D88E2801855300681C2A /* LaunchScreen.storyboard in Resources */ = {isa = PBXBuildFile; fileRef = A5B2D88C2801855300681C2A /* LaunchScreen.storyboard */; };
		A5E782982850D99A00E579AB /* ViewModelType.swift in Sources */ = {isa = PBXBuildFile; fileRef = A5E782972850D99A00E579AB /* ViewModelType.swift */; };
		A5FB9AD1284FCEF200B03700 /* MainViewModel.swift in Sources */ = {isa = PBXBuildFile; fileRef = A5FB9AD0284FCEF200B03700 /* MainViewModel.swift */; };
		C0786E5853D9B87982501CD9 /* Pods_VezdekodMobileSlider.framework in Frameworks */ = {isa = PBXBuildFile; fileRef = E93E05FBB6DC91D61BAF47B6 /* Pods_VezdekodMobileSlider.framework */; };
/* End PBXBuildFile section */

/* Begin PBXFileReference section */
		048BDEC62139331E119BFD40 /* Pods-VezdekodMobileSlider.debug.xcconfig */ = {isa = PBXFileReference; includeInIndex = 1; lastKnownFileType = text.xcconfig; name = "Pods-VezdekodMobileSlider.debug.xcconfig"; path = "Target Support Files/Pods-VezdekodMobileSlider/Pods-VezdekodMobileSlider.debug.xcconfig"; sourceTree = "<group>"; };
		758E87406B2F48DB290333FC /* Pods-VezdekodMobileSlider.release.xcconfig */ = {isa = PBXFileReference; includeInIndex = 1; lastKnownFileType = text.xcconfig; name = "Pods-VezdekodMobileSlider.release.xcconfig"; path = "Target Support Files/Pods-VezdekodMobileSlider/Pods-VezdekodMobileSlider.release.xcconfig"; sourceTree = "<group>"; };
		A547175A288F1509003A562F /* RxExtension.swift */ = {isa = PBXFileReference; lastKnownFileType = sourcecode.swift; path = RxExtension.swift; sourceTree = "<group>"; };
		A547175D288F1913003A562F /* RestorauntsModel.swift */ = {isa = PBXFileReference; lastKnownFileType = sourcecode.swift; path = RestorauntsModel.swift; sourceTree = "<group>"; };
		A5471760288F199F003A562F /* Constants.swift */ = {isa = PBXFileReference; lastKnownFileType = sourcecode.swift; path = Constants.swift; sourceTree = "<group>"; };
		A5765A5C2859F72100CC8825 /* CardView.swift */ = {isa = PBXFileReference; lastKnownFileType = sourcecode.swift; path = CardView.swift; sourceTree = "<group>"; };
		A5B2D87E2801855200681C2A /* VezdekodMobileSlider.app */ = {isa = PBXFileReference; explicitFileType = wrapper.application; includeInIndex = 0; path = VezdekodMobileSlider.app; sourceTree = BUILT_PRODUCTS_DIR; };
		A5B2D8812801855200681C2A /* AppDelegate.swift */ = {isa = PBXFileReference; lastKnownFileType = sourcecode.swift; path = AppDelegate.swift; sourceTree = "<group>"; };
		A5B2D8832801855200681C2A /* SceneDelegate.swift */ = {isa = PBXFileReference; lastKnownFileType = sourcecode.swift; path = SceneDelegate.swift; sourceTree = "<group>"; };
		A5B2D8852801855200681C2A /* MainViewController.swift */ = {isa = PBXFileReference; lastKnownFileType = sourcecode.swift; path = MainViewController.swift; sourceTree = "<group>"; };
		A5B2D8882801855200681C2A /* Base */ = {isa = PBXFileReference; lastKnownFileType = file.storyboard; name = Base; path = Base.lproj/Main.storyboard; sourceTree = "<group>"; };
		A5B2D88A2801855300681C2A /* Assets.xcassets */ = {isa = PBXFileReference; lastKnownFileType = folder.assetcatalog; path = Assets.xcassets; sourceTree = "<group>"; };
		A5B2D88D2801855300681C2A /* Base */ = {isa = PBXFileReference; lastKnownFileType = file.storyboard; name = Base; path = Base.lproj/LaunchScreen.storyboard; sourceTree = "<group>"; };
		A5B2D88F2801855300681C2A /* Info.plist */ = {isa = PBXFileReference; lastKnownFileType = text.plist.xml; path = Info.plist; sourceTree = "<group>"; };
		A5E782972850D99A00E579AB /* ViewModelType.swift */ = {isa = PBXFileReference; lastKnownFileType = sourcecode.swift; path = ViewModelType.swift; sourceTree = "<group>"; };
		A5FB9AD0284FCEF200B03700 /* MainViewModel.swift */ = {isa = PBXFileReference; lastKnownFileType = sourcecode.swift; path = MainViewModel.swift; sourceTree = "<group>"; };
		E93E05FBB6DC91D61BAF47B6 /* Pods_VezdekodMobileSlider.framework */ = {isa = PBXFileReference; explicitFileType = wrapper.framework; includeInIndex = 0; path = Pods_VezdekodMobileSlider.framework; sourceTree = BUILT_PRODUCTS_DIR; };
/* End PBXFileReference section */

/* Begin PBXFrameworksBuildPhase section */
		A5B2D87B2801855200681C2A /* Frameworks */ = {
			isa = PBXFrameworksBuildPhase;
			buildActionMask = 2147483647;
			files = (
				C0786E5853D9B87982501CD9 /* Pods_VezdekodMobileSlider.framework in Frameworks */,
			);
			runOnlyForDeploymentPostprocessing = 0;
		};
/* End PBXFrameworksBuildPhase section */

/* Begin PBXGroup section */
		30088CE079030FB1C4834043 /* Frameworks */ = {
			isa = PBXGroup;
			children = (
				E93E05FBB6DC91D61BAF47B6 /* Pods_VezdekodMobileSlider.framework */,
			);
			name = Frameworks;
			sourceTree = "<group>";
		};
		449BD4B1A02CA0B00F6263B7 /* Pods */ = {
			isa = PBXGroup;
			children = (
				048BDEC62139331E119BFD40 /* Pods-VezdekodMobileSlider.debug.xcconfig */,
				758E87406B2F48DB290333FC /* Pods-VezdekodMobileSlider.release.xcconfig */,
			);
			path = Pods;
			sourceTree = "<group>";
		};
		A547175C288F18F2003A562F /* Models */ = {
			isa = PBXGroup;
			children = (
				A547175D288F1913003A562F /* RestorauntsModel.swift */,
			);
			path = Models;
			sourceTree = "<group>";
		};
		A547175F288F198F003A562F /* Constants */ = {
			isa = PBXGroup;
			children = (
				A5471760288F199F003A562F /* Constants.swift */,
			);
			path = Constants;
			sourceTree = "<group>";
		};
		A5B2D8752801855200681C2A = {
			isa = PBXGroup;
			children = (
				A5B2D8802801855200681C2A /* VezdekodMobileSlider */,
				A5B2D87F2801855200681C2A /* Products */,
				449BD4B1A02CA0B00F6263B7 /* Pods */,
				30088CE079030FB1C4834043 /* Frameworks */,
			);
			sourceTree = "<group>";
		};
		A5B2D87F2801855200681C2A /* Products */ = {
			isa = PBXGroup;
			children = (
				A5B2D87E2801855200681C2A /* VezdekodMobileSlider.app */,
			);
			name = Products;
			sourceTree = "<group>";
		};
		A5B2D8802801855200681C2A /* VezdekodMobileSlider */ = {
			isa = PBXGroup;
			children = (
				A5B2D8812801855200681C2A /* AppDelegate.swift */,
				A5B2D8832801855200681C2A /* SceneDelegate.swift */,
				A547175F288F198F003A562F /* Constants */,
				A547175C288F18F2003A562F /* Models */,
				A5E782962850D7BE00E579AB /* Architecture */,
				A5B2D8972801A84F00681C2A /* Scenes */,
				A5B2D8872801855200681C2A /* Main.storyboard */,
				A5B2D88A2801855300681C2A /* Assets.xcassets */,
				A5B2D88C2801855300681C2A /* LaunchScreen.storyboard */,
				A5B2D88F2801855300681C2A /* Info.plist */,
			);
			path = VezdekodMobileSlider;
			sourceTree = "<group>";
		};
		A5B2D8972801A84F00681C2A /* Scenes */ = {
			isa = PBXGroup;
			children = (
				A5B2D8982801A85C00681C2A /* Main */,
			);
			path = Scenes;
			sourceTree = "<group>";
		};
		A5B2D8982801A85C00681C2A /* Main */ = {
			isa = PBXGroup;
			children = (
				A5B2D8852801855200681C2A /* MainViewController.swift */,
				A5765A5C2859F72100CC8825 /* CardView.swift */,
				A5FB9AD0284FCEF200B03700 /* MainViewModel.swift */,
			);
			path = Main;
			sourceTree = "<group>";
		};
		A5E782962850D7BE00E579AB /* Architecture */ = {
			isa = PBXGroup;
			children = (
				A5E782972850D99A00E579AB /* ViewModelType.swift */,
				A547175A288F1509003A562F /* RxExtension.swift */,
			);
			path = Architecture;
			sourceTree = "<group>";
		};
/* End PBXGroup section */

/* Begin PBXNativeTarget section */
		A5B2D87D2801855200681C2A /* VezdekodMobileSlider */ = {
			isa = PBXNativeTarget;
			buildConfigurationList = A5B2D8922801855300681C2A /* Build configuration list for PBXNativeTarget "VezdekodMobileSlider" */;
			buildPhases = (
				DA009B7A4387973A5542E0E4 /* [CP] Check Pods Manifest.lock */,
				A5B2D87A2801855200681C2A /* Sources */,
				A5B2D87B2801855200681C2A /* Frameworks */,
				A5B2D87C2801855200681C2A /* Resources */,
				5927F3BC28543FF7164AD020 /* [CP] Embed Pods Frameworks */,
				3538F9A10ED030951672446B /* [CP] Copy Pods Resources */,
			);
			buildRules = (
			);
			dependencies = (
			);
			name = VezdekodMobileSlider;
			productName = VezdekodMobileSlider;
			productReference = A5B2D87E2801855200681C2A /* VezdekodMobileSlider.app */;
			productType = "com.apple.product-type.application";
		};
/* End PBXNativeTarget section */

/* Begin PBXProject section */
		A5B2D8762801855200681C2A /* Project object */ = {
			isa = PBXProject;
			attributes = {
				LastSwiftUpdateCheck = 1250;
				LastUpgradeCheck = 1250;
				TargetAttributes = {
					A5B2D87D2801855200681C2A = {
						CreatedOnToolsVersion = 12.5.1;
					};
				};
			};
			buildConfigurationList = A5B2D8792801855200681C2A /* Build configuration list for PBXProject "VezdekodMobileSlider" */;
			compatibilityVersion = "Xcode 9.3";
			developmentRegion = en;
			hasScannedForEncodings = 0;
			knownRegions = (
				en,
				Base,
			);
			mainGroup = A5B2D8752801855200681C2A;
			productRefGroup = A5B2D87F2801855200681C2A /* Products */;
			projectDirPath = "";
			projectRoot = "";
			targets = (
				A5B2D87D2801855200681C2A /* VezdekodMobileSlider */,
			);
		};
/* End PBXProject section */

/* Begin PBXResourcesBuildPhase section */
		A5B2D87C2801855200681C2A /* Resources */ = {
			isa = PBXResourcesBuildPhase;
			buildActionMask = 2147483647;
			files = (
				A5B2D88E2801855300681C2A /* LaunchScreen.storyboard in Resources */,
				A5B2D88B2801855300681C2A /* Assets.xcassets in Resources */,
				A5B2D8892801855200681C2A /* Main.storyboard in Resources */,
			);
			runOnlyForDeploymentPostprocessing = 0;
		};
/* End PBXResourcesBuildPhase section */

/* Begin PBXShellScriptBuildPhase section */
		3538F9A10ED030951672446B /* [CP] Copy Pods Resources */ = {
			isa = PBXShellScriptBuildPhase;
			buildActionMask = 2147483647;
			files = (
			);
			inputFileListPaths = (
				"${PODS_ROOT}/Target Support Files/Pods-VezdekodMobileSlider/Pods-VezdekodMobileSlider-resources-${CONFIGURATION}-input-files.xcfilelist",
			);
			name = "[CP] Copy Pods Resources";
			outputFileListPaths = (
				"${PODS_ROOT}/Target Support Files/Pods-VezdekodMobileSlider/Pods-VezdekodMobileSlider-resources-${CONFIGURATION}-output-files.xcfilelist",
			);
			runOnlyForDeploymentPostprocessing = 0;
			shellPath = /bin/sh;
			shellScript = "\"${PODS_ROOT}/Target Support Files/Pods-VezdekodMobileSlider/Pods-VezdekodMobileSlider-resources.sh\"\n";
			showEnvVarsInLog = 0;
		};
		5927F3BC28543FF7164AD020 /* [CP] Embed Pods Frameworks */ = {
			isa = PBXShellScriptBuildPhase;
			buildActionMask = 2147483647;
			files = (
			);
			inputFileListPaths = (
				"${PODS_ROOT}/Target Support Files/Pods-VezdekodMobileSlider/Pods-VezdekodMobileSlider-frameworks-${CONFIGURATION}-input-files.xcfilelist",
			);
			name = "[CP] Embed Pods Frameworks";
			outputFileListPaths = (
				"${PODS_ROOT}/Target Support Files/Pods-VezdekodMobileSlider/Pods-VezdekodMobileSlider-frameworks-${CONFIGURATION}-output-files.xcfilelist",
			);
			runOnlyForDeploymentPostprocessing = 0;
			shellPath = /bin/sh;
			shellScript = "\"${PODS_ROOT}/Target Support Files/Pods-VezdekodMobileSlider/Pods-VezdekodMobileSlider-frameworks.sh\"\n";
			showEnvVarsInLog = 0;
		};
		DA009B7A4387973A5542E0E4 /* [CP] Check Pods Manifest.lock */ = {
			isa = PBXShellScriptBuildPhase;
			buildActionMask = 2147483647;
			files = (
			);
			inputFileListPaths = (
			);
			inputPaths = (
				"${PODS_PODFILE_DIR_PATH}/Podfile.lock",
				"${PODS_ROOT}/Manifest.lock",
			);
			name = "[CP] Check Pods Manifest.lock";
			outputFileListPaths = (
			);
			outputPaths = (
				"$(DERIVED_FILE_DIR)/Pods-VezdekodMobileSlider-checkManifestLockResult.txt",
			);
			runOnlyForDeploymentPostprocessing = 0;
			shellPath = /bin/sh;
			shellScript = "diff \"${PODS_PODFILE_DIR_PATH}/Podfile.lock\" \"${PODS_ROOT}/Manifest.lock\" > /dev/null\nif [ $? != 0 ] ; then\n    # print error to STDERR\n    echo \"error: The sandbox is not in sync with the Podfile.lock. Run 'pod install' or update your CocoaPods installation.\" >&2\n    exit 1\nfi\n# This output is used by Xcode 'outputs' to avoid re-running this script phase.\necho \"SUCCESS\" > \"${SCRIPT_OUTPUT_FILE_0}\"\n";
			showEnvVarsInLog = 0;
		};
/* End PBXShellScriptBuildPhase section */

/* Begin PBXSourcesBuildPhase section */
		A5B2D87A2801855200681C2A /* Sources */ = {
			isa = PBXSourcesBuildPhase;
			buildActionMask = 2147483647;
			files = (
				A5FB9AD1284FCEF200B03700 /* MainViewModel.swift in Sources */,
				A547175B288F1509003A562F /* RxExtension.swift in Sources */,
				A5B2D8862801855200681C2A /* MainViewController.swift in Sources */,
				A5E782982850D99A00E579AB /* ViewModelType.swift in Sources */,
				A547175E288F1913003A562F /* RestorauntsModel.swift in Sources */,
				A5B2D8822801855200681C2A /* AppDelegate.swift in Sources */,
				A5765A5D2859F72100CC8825 /* CardView.swift in Sources */,
				A5B2D8842801855200681C2A /* SceneDelegate.swift in Sources */,
				A5471761288F199F003A562F /* Constants.swift in Sources */,
			);
			runOnlyForDeploymentPostprocessing = 0;
		};
/* End PBXSourcesBuildPhase section */

/* Begin PBXVariantGroup section */
		A5B2D8872801855200681C2A /* Main.storyboard */ = {
			isa = PBXVariantGroup;
			children = (
				A5B2D8882801855200681C2A /* Base */,
			);
			name = Main.storyboard;
			sourceTree = "<group>";
		};
		A5B2D88C2801855300681C2A /* LaunchScreen.storyboard */ = {
			isa = PBXVariantGroup;
			children = (
				A5B2D88D2801855300681C2A /* Base */,
			);
			name = LaunchScreen.storyboard;
			sourceTree = "<group>";
		};
/* End PBXVariantGroup section */

/* Begin XCBuildConfiguration section */
		A5B2D8902801855300681C2A /* Debug */ = {
			isa = XCBuildConfiguration;
			buildSettings = {
				ALWAYS_SEARCH_USER_PATHS = NO;
				CLANG_ANALYZER_NONNULL = YES;
				CLANG_ANALYZER_NUMBER_OBJECT_CONVERSION = YES_AGGRESSIVE;
				CLANG_CXX_LANGUAGE_STANDARD = "gnu++14";
				CLANG_CXX_LIBRARY = "libc++";
				CLANG_ENABLE_MODULES = YES;
				CLANG_ENABLE_OBJC_ARC = YES;
				CLANG_ENABLE_OBJC_WEAK = YES;
				CLANG_WARN_BLOCK_CAPTURE_AUTORELEASING = YES;
				CLANG_WARN_BOOL_CONVERSION = YES;
				CLANG_WARN_COMMA = YES;
				CLANG_WARN_CONSTANT_CONVERSION = YES;
				CLANG_WARN_DEPRECATED_OBJC_IMPLEMENTATIONS = YES;
				CLANG_WARN_DIRECT_OBJC_ISA_USAGE = YES_ERROR;
				CLANG_WARN_DOCUMENTATION_COMMENTS = YES;
				CLANG_WARN_EMPTY_BODY = YES;
				CLANG_WARN_ENUM_CONVERSION = YES;
				CLANG_WARN_INFINITE_RECURSION = YES;
				CLANG_WARN_INT_CONVERSION = YES;
				CLANG_WARN_NON_LITERAL_NULL_CONVERSION = YES;
				CLANG_WARN_OBJC_IMPLICIT_RETAIN_SELF = YES;
				CLANG_WARN_OBJC_LITERAL_CONVERSION = YES;
				CLANG_WARN_OBJC_ROOT_CLASS = YES_ERROR;
				CLANG_WARN_QUOTED_INCLUDE_IN_FRAMEWORK_HEADER = YES;
				CLANG_WARN_RANGE_LOOP_ANALYSIS = YES;
				CLANG_WARN_STRICT_PROTOTYPES = YES;
				CLANG_WARN_SUSPICIOUS_MOVE = YES;
				CLANG_WARN_UNGUARDED_AVAILABILITY = YES_AGGRESSIVE;
				CLANG_WARN_UNREACHABLE_CODE = YES;
				CLANG_WARN__DUPLICATE_METHOD_MATCH = YES;
				COPY_PHASE_STRIP = NO;
				DEBUG_INFORMATION_FORMAT = dwarf;
				ENABLE_STRICT_OBJC_MSGSEND = YES;
				ENABLE_TESTABILITY = YES;
				GCC_C_LANGUAGE_STANDARD = gnu11;
				GCC_DYNAMIC_NO_PIC = NO;
				GCC_NO_COMMON_BLOCKS = YES;
				GCC_OPTIMIZATION_LEVEL = 0;
				GCC_PREPROCESSOR_DEFINITIONS = (
					"DEBUG=1",
					"$(inherited)",
				);
				GCC_WARN_64_TO_32_BIT_CONVERSION = YES;
				GCC_WARN_ABOUT_RETURN_TYPE = YES_ERROR;
				GCC_WARN_UNDECLARED_SELECTOR = YES;
				GCC_WARN_UNINITIALIZED_AUTOS = YES_AGGRESSIVE;
				GCC_WARN_UNUSED_FUNCTION = YES;
				GCC_WARN_UNUSED_VARIABLE = YES;
				IPHONEOS_DEPLOYMENT_TARGET = 14.5;
				MTL_ENABLE_DEBUG_INFO = INCLUDE_SOURCE;
				MTL_FAST_MATH = YES;
				ONLY_ACTIVE_ARCH = YES;
				SDKROOT = iphoneos;
				SWIFT_ACTIVE_COMPILATION_CONDITIONS = DEBUG;
				SWIFT_OPTIMIZATION_LEVEL = "-Onone";
			};
			name = Debug;
		};
		A5B2D8912801855300681C2A /* Release */ = {
			isa = XCBuildConfiguration;
			buildSettings = {
				ALWAYS_SEARCH_USER_PATHS = NO;
				CLANG_ANALYZER_NONNULL = YES;
				CLANG_ANALYZER_NUMBER_OBJECT_CONVERSION = YES_AGGRESSIVE;
				CLANG_CXX_LANGUAGE_STANDARD = "gnu++14";
				CLANG_CXX_LIBRARY = "libc++";
				CLANG_ENABLE_MODULES = YES;
				CLANG_ENABLE_OBJC_ARC = YES;
				CLANG_ENABLE_OBJC_WEAK = YES;
				CLANG_WARN_BLOCK_CAPTURE_AUTORELEASING = YES;
				CLANG_WARN_BOOL_CONVERSION = YES;
				CLANG_WARN_COMMA = YES;
				CLANG_WARN_CONSTANT_CONVERSION = YES;
				CLANG_WARN_DEPRECATED_OBJC_IMPLEMENTATIONS = YES;
				CLANG_WARN_DIRECT_OBJC_ISA_USAGE = YES_ERROR;
				CLANG_WARN_DOCUMENTATION_COMMENTS = YES;
				CLANG_WARN_EMPTY_BODY = YES;
				CLANG_WARN_ENUM_CONVERSION = YES;
				CLANG_WARN_INFINITE_RECURSION = YES;
				CLANG_WARN_INT_CONVERSION = YES;
				CLANG_WARN_NON_LITERAL_NULL_CONVERSION = YES;
				CLANG_WARN_OBJC_IMPLICIT_RETAIN_SELF = YES;
				CLANG_WARN_OBJC_LITERAL_CONVERSION = YES;
				CLANG_WARN_OBJC_ROOT_CLASS = YES_ERROR;
				CLANG_WARN_QUOTED_INCLUDE_IN_FRAMEWORK_HEADER = YES;
				CLANG_WARN_RANGE_LOOP_ANALYSIS = YES;
				CLANG_WARN_STRICT_PROTOTYPES = YES;
				CLANG_WARN_SUSPICIOUS_MOVE = YES;
				CLANG_WARN_UNGUARDED_AVAILABILITY = YES_AGGRESSIVE;
				CLANG_WARN_UNREACHABLE_CODE = YES;
				CLANG_WARN__DUPLICATE_METHOD_MATCH = YES;
				COPY_PHASE_STRIP = NO;
				DEBUG_INFORMATION_FORMAT = "dwarf-with-dsym";
				ENABLE_NS_ASSERTIONS = NO;
				ENABLE_STRICT_OBJC_MSGSEND = YES;
				GCC_C_LANGUAGE_STANDARD = gnu11;
				GCC_NO_COMMON_BLOCKS = YES;
				GCC_WARN_64_TO_32_BIT_CONVERSION = YES;
				GCC_WARN_ABOUT_RETURN_TYPE = YES_ERROR;
				GCC_WARN_UNDECLARED_SELECTOR = YES;
				GCC_WARN_UNINITIALIZED_AUTOS = YES_AGGRESSIVE;
				GCC_WARN_UNUSED_FUNCTION = YES;
				GCC_WARN_UNUSED_VARIABLE = YES;
				IPHONEOS_DEPLOYMENT_TARGET = 14.5;
				MTL_ENABLE_DEBUG_INFO = NO;
				MTL_FAST_MATH = YES;
				SDKROOT = iphoneos;
				SWIFT_COMPILATION_MODE = wholemodule;
				SWIFT_OPTIMIZATION_LEVEL = "-O";
				VALIDATE_PRODUCT = YES;
			};
			name = Release;
		};
		A5B2D8932801855300681C2A /* Debug */ = {
			isa = XCBuildConfiguration;
			baseConfigurationReference = 048BDEC62139331E119BFD40 /* Pods-VezdekodMobileSlider.debug.xcconfig */;
			buildSettings = {
				ASSETCATALOG_COMPILER_APPICON_NAME = AppIcon;
				ASSETCATALOG_COMPILER_GLOBAL_ACCENT_COLOR_NAME = AccentColor;
				CODE_SIGN_STYLE = Automatic;
				DEVELOPMENT_TEAM = A47FAFQS28;
				INFOPLIST_FILE = VezdekodMobileSlider/Info.plist;
				IPHONEOS_DEPLOYMENT_TARGET = 12.0;
				LD_RUNPATH_SEARCH_PATHS = (
					"$(inherited)",
					"@executable_path/Frameworks",
				);
				PRODUCT_BUNDLE_IDENTIFIER = shift.VezdekodMobileSlider;
				PRODUCT_NAME = "$(TARGET_NAME)";
				SWIFT_VERSION = 5.0;
				TARGETED_DEVICE_FAMILY = "1,2";
			};
			name = Debug;
		};
		A5B2D8942801855300681C2A /* Release */ = {
			isa = XCBuildConfiguration;
			baseConfigurationReference = 758E87406B2F48DB290333FC /* Pods-VezdekodMobileSlider.release.xcconfig */;
			buildSettings = {
				ASSETCATALOG_COMPILER_APPICON_NAME = AppIcon;
				ASSETCATALOG_COMPILER_GLOBAL_ACCENT_COLOR_NAME = AccentColor;
				CODE_SIGN_STYLE = Automatic;
				DEVELOPMENT_TEAM = A47FAFQS28;
				INFOPLIST_FILE = VezdekodMobileSlider/Info.plist;
				IPHONEOS_DEPLOYMENT_TARGET = 12.0;
				LD_RUNPATH_SEARCH_PATHS = (
					"$(inherited)",
					"@executable_path/Frameworks",
				);
				PRODUCT_BUNDLE_IDENTIFIER = shift.VezdekodMobileSlider;
				PRODUCT_NAME = "$(TARGET_NAME)";
				SWIFT_VERSION = 5.0;
				TARGETED_DEVICE_FAMILY = "1,2";
			};
			name = Release;
		};
/* End XCBuildConfiguration section */

/* Begin XCConfigurationList section */
		A5B2D8792801855200681C2A /* Build configuration list for PBXProject "VezdekodMobileSlider" */ = {
			isa = XCConfigurationList;
			buildConfigurations = (
				A5B2D8902801855300681C2A /* Debug */,
				A5B2D8912801855300681C2A /* Release */,
			);
			defaultConfigurationIsVisible = 0;
			defaultConfigurationName = Release;
		};
		A5B2D8922801855300681C2A /* Build configuration list for PBXNativeTarget "VezdekodMobileSlider" */ = {
			isa = XCConfigurationList;
			buildConfigurations = (
				A5B2D8932801855300681C2A /* Debug */,
				A5B2D8942801855300681C2A /* Release */,
			);
			defaultConfigurationIsVisible = 0;
			defaultConfigurationName = Release;
		};
/* End XCConfigurationList section */
	};
	rootObject = A5B2D8762801855200681C2A /* Project object */;
}
